// !$*UTF8*$!
{
	archiveVersion = 1;
	classes = {
	};
	objectVersion = 46;
	objects = {

/* Begin PBXBuildFile section */
		835C2F03199A9B950012D2A7 /* Foundation.framework in Frameworks */ = {isa = PBXBuildFile; fileRef = 835C2F02199A9B950012D2A7 /* Foundation.framework */; };
		835C2F05199A9B950012D2A7 /* CoreGraphics.framework in Frameworks */ = {isa = PBXBuildFile; fileRef = 835C2F04199A9B950012D2A7 /* CoreGraphics.framework */; };
		835C2F07199A9B950012D2A7 /* UIKit.framework in Frameworks */ = {isa = PBXBuildFile; fileRef = 835C2F06199A9B950012D2A7 /* UIKit.framework */; };
		835C2F0D199A9B950012D2A7 /* InfoPlist.strings in Resources */ = {isa = PBXBuildFile; fileRef = 835C2F0B199A9B950012D2A7 /* InfoPlist.strings */; };
		835C2F0F199A9B950012D2A7 /* main.m in Sources */ = {isa = PBXBuildFile; fileRef = 835C2F0E199A9B950012D2A7 /* main.m */; };
		835C2F13199A9B950012D2A7 /* CBAppDelegate.m in Sources */ = {isa = PBXBuildFile; fileRef = 835C2F12199A9B950012D2A7 /* CBAppDelegate.m */; };
		835C2F16199A9B950012D2A7 /* Main.storyboard in Resources */ = {isa = PBXBuildFile; fileRef = 835C2F14199A9B950012D2A7 /* Main.storyboard */; };
		835C2F1B199A9B950012D2A7 /* Images.xcassets in Resources */ = {isa = PBXBuildFile; fileRef = 835C2F1A199A9B950012D2A7 /* Images.xcassets */; };
		835C2F22199A9B950012D2A7 /* XCTest.framework in Frameworks */ = {isa = PBXBuildFile; fileRef = 835C2F21199A9B950012D2A7 /* XCTest.framework */; };
		835C2F23199A9B950012D2A7 /* Foundation.framework in Frameworks */ = {isa = PBXBuildFile; fileRef = 835C2F02199A9B950012D2A7 /* Foundation.framework */; };
		835C2F24199A9B950012D2A7 /* UIKit.framework in Frameworks */ = {isa = PBXBuildFile; fileRef = 835C2F06199A9B950012D2A7 /* UIKit.framework */; };
		835C2F2C199A9B950012D2A7 /* InfoPlist.strings in Resources */ = {isa = PBXBuildFile; fileRef = 835C2F2A199A9B950012D2A7 /* InfoPlist.strings */; };
		835C2F2E199A9B950012D2A7 /* RibotMissionPossibleTests.m in Sources */ = {isa = PBXBuildFile; fileRef = 835C2F2D199A9B950012D2A7 /* RibotMissionPossibleTests.m */; };
		835C2F3A199AAFE70012D2A7 /* CBRibot.m in Sources */ = {isa = PBXBuildFile; fileRef = 835C2F39199AAFE70012D2A7 /* CBRibot.m */; };
		835C2F40199AB7370012D2A7 /* CBData.m in Sources */ = {isa = PBXBuildFile; fileRef = 835C2F3F199AB7370012D2A7 /* CBData.m */; };
		835C2F47199AC3490012D2A7 /* NSArray+Ribot.m in Sources */ = {isa = PBXBuildFile; fileRef = 835C2F46199AC3490012D2A7 /* NSArray+Ribot.m */; };
		835C2F50199AD71A0012D2A7 /* jerome.jpg in Resources */ = {isa = PBXBuildFile; fileRef = 835C2F4F199AD71A0012D2A7 /* jerome.jpg */; };
		835C2F52199C5B120012D2A7 /* SpriteKit.framework in Frameworks */ = {isa = PBXBuildFile; fileRef = 835C2F51199C5B120012D2A7 /* SpriteKit.framework */; };
		835C2FA6199D56A60012D2A7 /* CBRoundedImageHelper.m in Sources */ = {isa = PBXBuildFile; fileRef = 835C2FA5199D56A60012D2A7 /* CBRoundedImageHelper.m */; };
		83E2EE80199D677D00DA3F01 /* CBGameScene.m in Sources */ = {isa = PBXBuildFile; fileRef = 83E2EE7F199D677D00DA3F01 /* CBGameScene.m */; };
		83E2EE84199D67A900DA3F01 /* RibotMiss.sks in Resources */ = {isa = PBXBuildFile; fileRef = 83E2EE82199D67A900DA3F01 /* RibotMiss.sks */; };
		83E2EE85199D67A900DA3F01 /* spark.png in Resources */ = {isa = PBXBuildFile; fileRef = 83E2EE83199D67A900DA3F01 /* spark.png */; };
		83E2EE8D199D695100DA3F01 /* CBMemberDetailViewController.m in Sources */ = {isa = PBXBuildFile; fileRef = 83E2EE8C199D695100DA3F01 /* CBMemberDetailViewController.m */; };
		83E2EE93199D698B00DA3F01 /* CBHomeViewController.m in Sources */ = {isa = PBXBuildFile; fileRef = 83E2EE92199D698B00DA3F01 /* CBHomeViewController.m */; };
		83E2EEA3199D77A000DA3F01 /* CBGameViewController.m in Sources */ = {isa = PBXBuildFile; fileRef = 83E2EEA2199D77A000DA3F01 /* CBGameViewController.m */; };
		83E2EEA6199D784800DA3F01 /* CBTeamMembersViewController.m in Sources */ = {isa = PBXBuildFile; fileRef = 83E2EEA5199D784800DA3F01 /* CBTeamMembersViewController.m */; };
		83E2EEAE199D831000DA3F01 /* CBRibotCell.m in Sources */ = {isa = PBXBuildFile; fileRef = 83E2EEAD199D831000DA3F01 /* CBRibotCell.m */; };
		83E2EEB1199D90D500DA3F01 /* Localizable.strings in Resources */ = {isa = PBXBuildFile; fileRef = 83E2EEAF199D90D500DA3F01 /* Localizable.strings */; };
/* End PBXBuildFile section */

/* Begin PBXContainerItemProxy section */
		835C2F25199A9B950012D2A7 /* PBXContainerItemProxy */ = {
			isa = PBXContainerItemProxy;
			containerPortal = 835C2EF7199A9B950012D2A7 /* Project object */;
			proxyType = 1;
			remoteGlobalIDString = 835C2EFE199A9B950012D2A7;
			remoteInfo = RibotMissionPossible;
		};
/* End PBXContainerItemProxy section */

/* Begin PBXFileReference section */
		835C2EFF199A9B950012D2A7 /* RibotMissionPossible.app */ = {isa = PBXFileReference; explicitFileType = wrapper.application; includeInIndex = 0; path = RibotMissionPossible.app; sourceTree = BUILT_PRODUCTS_DIR; };
		835C2F02199A9B950012D2A7 /* Foundation.framework */ = {isa = PBXFileReference; lastKnownFileType = wrapper.framework; name = Foundation.framework; path = System/Library/Frameworks/Foundation.framework; sourceTree = SDKROOT; };
		835C2F04199A9B950012D2A7 /* CoreGraphics.framework */ = {isa = PBXFileReference; lastKnownFileType = wrapper.framework; name = CoreGraphics.framework; path = System/Library/Frameworks/CoreGraphics.framework; sourceTree = SDKROOT; };
		835C2F06199A9B950012D2A7 /* UIKit.framework */ = {isa = PBXFileReference; lastKnownFileType = wrapper.framework; name = UIKit.framework; path = System/Library/Frameworks/UIKit.framework; sourceTree = SDKROOT; };
		835C2F0A199A9B950012D2A7 /* RibotMissionPossible-Info.plist */ = {isa = PBXFileReference; lastKnownFileType = text.plist.xml; path = "RibotMissionPossible-Info.plist"; sourceTree = "<group>"; };
		835C2F0C199A9B950012D2A7 /* en */ = {isa = PBXFileReference; lastKnownFileType = text.plist.strings; name = en; path = en.lproj/InfoPlist.strings; sourceTree = "<group>"; };
		835C2F0E199A9B950012D2A7 /* main.m */ = {isa = PBXFileReference; lastKnownFileType = sourcecode.c.objc; path = main.m; sourceTree = "<group>"; };
		835C2F10199A9B950012D2A7 /* RibotMissionPossible-Prefix.pch */ = {isa = PBXFileReference; lastKnownFileType = sourcecode.c.h; path = "RibotMissionPossible-Prefix.pch"; sourceTree = "<group>"; };
		835C2F11199A9B950012D2A7 /* CBAppDelegate.h */ = {isa = PBXFileReference; lastKnownFileType = sourcecode.c.h; path = CBAppDelegate.h; sourceTree = "<group>"; };
		835C2F12199A9B950012D2A7 /* CBAppDelegate.m */ = {isa = PBXFileReference; lastKnownFileType = sourcecode.c.objc; path = CBAppDelegate.m; sourceTree = "<group>"; };
		835C2F15199A9B950012D2A7 /* Base */ = {isa = PBXFileReference; lastKnownFileType = file.storyboard; name = Base; path = Base.lproj/Main.storyboard; sourceTree = "<group>"; };
		835C2F1A199A9B950012D2A7 /* Images.xcassets */ = {isa = PBXFileReference; lastKnownFileType = folder.assetcatalog; path = Images.xcassets; sourceTree = "<group>"; };
		835C2F20199A9B950012D2A7 /* RibotMissionPossibleTests.xctest */ = {isa = PBXFileReference; explicitFileType = wrapper.cfbundle; includeInIndex = 0; path = RibotMissionPossibleTests.xctest; sourceTree = BUILT_PRODUCTS_DIR; };
		835C2F21199A9B950012D2A7 /* XCTest.framework */ = {isa = PBXFileReference; lastKnownFileType = wrapper.framework; name = XCTest.framework; path = Library/Frameworks/XCTest.framework; sourceTree = DEVELOPER_DIR; };
		835C2F29199A9B950012D2A7 /* RibotMissionPossibleTests-Info.plist */ = {isa = PBXFileReference; lastKnownFileType = text.plist.xml; path = "RibotMissionPossibleTests-Info.plist"; sourceTree = "<group>"; };
		835C2F2B199A9B950012D2A7 /* en */ = {isa = PBXFileReference; lastKnownFileType = text.plist.strings; name = en; path = en.lproj/InfoPlist.strings; sourceTree = "<group>"; };
		835C2F2D199A9B950012D2A7 /* RibotMissionPossibleTests.m */ = {isa = PBXFileReference; lastKnownFileType = sourcecode.c.objc; path = RibotMissionPossibleTests.m; sourceTree = "<group>"; };
		835C2F38199AAFE70012D2A7 /* CBRibot.h */ = {isa = PBXFileReference; fileEncoding = 4; lastKnownFileType = sourcecode.c.h; name = CBRibot.h; path = Data/CBRibot.h; sourceTree = "<group>"; };
		835C2F39199AAFE70012D2A7 /* CBRibot.m */ = {isa = PBXFileReference; fileEncoding = 4; lastKnownFileType = sourcecode.c.objc; name = CBRibot.m; path = Data/CBRibot.m; sourceTree = "<group>"; };
		835C2F3E199AB7370012D2A7 /* CBData.h */ = {isa = PBXFileReference; fileEncoding = 4; lastKnownFileType = sourcecode.c.h; name = CBData.h; path = Data/CBData.h; sourceTree = "<group>"; };
		835C2F3F199AB7370012D2A7 /* CBData.m */ = {isa = PBXFileReference; fileEncoding = 4; lastKnownFileType = sourcecode.c.objc; name = CBData.m; path = Data/CBData.m; sourceTree = "<group>"; };
		835C2F45199AC3490012D2A7 /* NSArray+Ribot.h */ = {isa = PBXFileReference; fileEncoding = 4; lastKnownFileType = sourcecode.c.h; path = "NSArray+Ribot.h"; sourceTree = "<group>"; };
		835C2F46199AC3490012D2A7 /* NSArray+Ribot.m */ = {isa = PBXFileReference; fileEncoding = 4; lastKnownFileType = sourcecode.c.objc; path = "NSArray+Ribot.m"; sourceTree = "<group>"; };
		835C2F4F199AD71A0012D2A7 /* jerome.jpg */ = {isa = PBXFileReference; lastKnownFileType = image.jpeg; path = jerome.jpg; sourceTree = "<group>"; };
		835C2F51199C5B120012D2A7 /* SpriteKit.framework */ = {isa = PBXFileReference; lastKnownFileType = wrapper.framework; name = SpriteKit.framework; path = System/Library/Frameworks/SpriteKit.framework; sourceTree = SDKROOT; };
		835C2FA4199D56A60012D2A7 /* CBRoundedImageHelper.h */ = {isa = PBXFileReference; fileEncoding = 4; lastKnownFileType = sourcecode.c.h; path = CBRoundedImageHelper.h; sourceTree = "<group>"; };
		835C2FA5199D56A60012D2A7 /* CBRoundedImageHelper.m */ = {isa = PBXFileReference; fileEncoding = 4; lastKnownFileType = sourcecode.c.objc; path = CBRoundedImageHelper.m; sourceTree = "<group>"; };
		83E2EE7E199D677D00DA3F01 /* CBGameScene.h */ = {isa = PBXFileReference; fileEncoding = 4; lastKnownFileType = sourcecode.c.h; name = CBGameScene.h; path = SpriteKit/CBGameScene.h; sourceTree = "<group>"; };
		83E2EE7F199D677D00DA3F01 /* CBGameScene.m */ = {isa = PBXFileReference; fileEncoding = 4; lastKnownFileType = sourcecode.c.objc; name = CBGameScene.m; path = SpriteKit/CBGameScene.m; sourceTree = "<group>"; };
		83E2EE82199D67A900DA3F01 /* RibotMiss.sks */ = {isa = PBXFileReference; lastKnownFileType = file.sks; path = RibotMiss.sks; sourceTree = "<group>"; };
		83E2EE83199D67A900DA3F01 /* spark.png */ = {isa = PBXFileReference; lastKnownFileType = image.png; path = spark.png; sourceTree = "<group>"; };
		83E2EE8B199D695100DA3F01 /* CBMemberDetailViewController.h */ = {isa = PBXFileReference; fileEncoding = 4; lastKnownFileType = sourcecode.c.h; name = CBMemberDetailViewController.h; path = ViewControllers/MemberDetail/CBMemberDetailViewController.h; sourceTree = "<group>"; };
		83E2EE8C199D695100DA3F01 /* CBMemberDetailViewController.m */ = {isa = PBXFileReference; fileEncoding = 4; lastKnownFileType = sourcecode.c.objc; name = CBMemberDetailViewController.m; path = ViewControllers/MemberDetail/CBMemberDetailViewController.m; sourceTree = "<group>"; };
		83E2EE91199D698B00DA3F01 /* CBHomeViewController.h */ = {isa = PBXFileReference; fileEncoding = 4; lastKnownFileType = sourcecode.c.h; name = CBHomeViewController.h; path = ViewControllers/Home/CBHomeViewController.h; sourceTree = "<group>"; };
		83E2EE92199D698B00DA3F01 /* CBHomeViewController.m */ = {isa = PBXFileReference; fileEncoding = 4; lastKnownFileType = sourcecode.c.objc; name = CBHomeViewController.m; path = ViewControllers/Home/CBHomeViewController.m; sourceTree = "<group>"; };
		83E2EEA1199D77A000DA3F01 /* CBGameViewController.h */ = {isa = PBXFileReference; fileEncoding = 4; lastKnownFileType = sourcecode.c.h; name = CBGameViewController.h; path = ViewControllers/Game/CBGameViewController.h; sourceTree = "<group>"; };
		83E2EEA2199D77A000DA3F01 /* CBGameViewController.m */ = {isa = PBXFileReference; fileEncoding = 4; lastKnownFileType = sourcecode.c.objc; name = CBGameViewController.m; path = ViewControllers/Game/CBGameViewController.m; sourceTree = "<group>"; };
		83E2EEA4199D784800DA3F01 /* CBTeamMembersViewController.h */ = {isa = PBXFileReference; fileEncoding = 4; lastKnownFileType = sourcecode.c.h; name = CBTeamMembersViewController.h; path = ViewControllers/TeamMembers/CBTeamMembersViewController.h; sourceTree = "<group>"; };
		83E2EEA5199D784800DA3F01 /* CBTeamMembersViewController.m */ = {isa = PBXFileReference; fileEncoding = 4; lastKnownFileType = sourcecode.c.objc; name = CBTeamMembersViewController.m; path = ViewControllers/TeamMembers/CBTeamMembersViewController.m; sourceTree = "<group>"; };
		83E2EEAC199D831000DA3F01 /* CBRibotCell.h */ = {isa = PBXFileReference; fileEncoding = 4; lastKnownFileType = sourcecode.c.h; name = CBRibotCell.h; path = ViewControllers/TeamMembers/CBRibotCell.h; sourceTree = "<group>"; };
		83E2EEAD199D831000DA3F01 /* CBRibotCell.m */ = {isa = PBXFileReference; fileEncoding = 4; lastKnownFileType = sourcecode.c.objc; name = CBRibotCell.m; path = ViewControllers/TeamMembers/CBRibotCell.m; sourceTree = "<group>"; };
		83E2EEB0199D90D500DA3F01 /* Base */ = {isa = PBXFileReference; lastKnownFileType = text.plist.strings; name = Base; path = Base.lproj/Localizable.strings; sourceTree = "<group>"; };
		83E2EEB3199E11E200DA3F01 /* laser.caf */ = {isa = PBXFileReference; lastKnownFileType = file; path = laser.caf; sourceTree = "<group>"; };
/* End PBXFileReference section */

/* Begin PBXFrameworksBuildPhase section */
		835C2EFC199A9B950012D2A7 /* Frameworks */ = {
			isa = PBXFrameworksBuildPhase;
			buildActionMask = 2147483647;
			files = (
				835C2F52199C5B120012D2A7 /* SpriteKit.framework in Frameworks */,
				835C2F05199A9B950012D2A7 /* CoreGraphics.framework in Frameworks */,
				835C2F07199A9B950012D2A7 /* UIKit.framework in Frameworks */,
				835C2F03199A9B950012D2A7 /* Foundation.framework in Frameworks */,
			);
			runOnlyForDeploymentPostprocessing = 0;
		};
		835C2F1D199A9B950012D2A7 /* Frameworks */ = {
			isa = PBXFrameworksBuildPhase;
			buildActionMask = 2147483647;
			files = (
				835C2F22199A9B950012D2A7 /* XCTest.framework in Frameworks */,
				835C2F24199A9B950012D2A7 /* UIKit.framework in Frameworks */,
				835C2F23199A9B950012D2A7 /* Foundation.framework in Frameworks */,
			);
			runOnlyForDeploymentPostprocessing = 0;
		};
/* End PBXFrameworksBuildPhase section */

/* Begin PBXGroup section */
		835C2EF6199A9B950012D2A7 = {
			isa = PBXGroup;
			children = (
				835C2F08199A9B950012D2A7 /* RibotMissionPossible */,
				835C2F27199A9B950012D2A7 /* RibotMissionPossibleTests */,
				835C2F01199A9B950012D2A7 /* Frameworks */,
				835C2F00199A9B950012D2A7 /* Products */,
			);
			sourceTree = "<group>";
		};
		835C2F00199A9B950012D2A7 /* Products */ = {
			isa = PBXGroup;
			children = (
				835C2EFF199A9B950012D2A7 /* RibotMissionPossible.app */,
				835C2F20199A9B950012D2A7 /* RibotMissionPossibleTests.xctest */,
			);
			name = Products;
			sourceTree = "<group>";
		};
		835C2F01199A9B950012D2A7 /* Frameworks */ = {
			isa = PBXGroup;
			children = (
				835C2F51199C5B120012D2A7 /* SpriteKit.framework */,
				835C2F02199A9B950012D2A7 /* Foundation.framework */,
				835C2F04199A9B950012D2A7 /* CoreGraphics.framework */,
				835C2F06199A9B950012D2A7 /* UIKit.framework */,
				835C2F21199A9B950012D2A7 /* XCTest.framework */,
			);
			name = Frameworks;
			sourceTree = "<group>";
		};
		835C2F08199A9B950012D2A7 /* RibotMissionPossible */ = {
			isa = PBXGroup;
			children = (
				83E2EE87199D68FC00DA3F01 /* ViewControllers */,
				83E2EE7D199D674500DA3F01 /* SpriteKit */,
				835C2F4F199AD71A0012D2A7 /* jerome.jpg */,
				835C2F48199AD47E0012D2A7 /* Wheel */,
				835C2F44199AC3360012D2A7 /* Helpers */,
				835C2F37199AAFCB0012D2A7 /* Data */,
				835C2F11199A9B950012D2A7 /* CBAppDelegate.h */,
				835C2F12199A9B950012D2A7 /* CBAppDelegate.m */,
				835C2F14199A9B950012D2A7 /* Main.storyboard */,
				835C2F1A199A9B950012D2A7 /* Images.xcassets */,
				835C2F09199A9B950012D2A7 /* Supporting Files */,
			);
			path = RibotMissionPossible;
			sourceTree = "<group>";
		};
		835C2F09199A9B950012D2A7 /* Supporting Files */ = {
			isa = PBXGroup;
			children = (
				83E2EEB2199E11DB00DA3F01 /* Sounds */,
				835C2F0A199A9B950012D2A7 /* RibotMissionPossible-Info.plist */,
				83E2EEAF199D90D500DA3F01 /* Localizable.strings */,
				835C2F0B199A9B950012D2A7 /* InfoPlist.strings */,
				835C2F0E199A9B950012D2A7 /* main.m */,
				835C2F10199A9B950012D2A7 /* RibotMissionPossible-Prefix.pch */,
			);
			name = "Supporting Files";
			sourceTree = "<group>";
		};
		835C2F27199A9B950012D2A7 /* RibotMissionPossibleTests */ = {
			isa = PBXGroup;
			children = (
				835C2F2D199A9B950012D2A7 /* RibotMissionPossibleTests.m */,
				835C2F28199A9B950012D2A7 /* Supporting Files */,
			);
			path = RibotMissionPossibleTests;
			sourceTree = "<group>";
		};
		835C2F28199A9B950012D2A7 /* Supporting Files */ = {
			isa = PBXGroup;
			children = (
				835C2F29199A9B950012D2A7 /* RibotMissionPossibleTests-Info.plist */,
				835C2F2A199A9B950012D2A7 /* InfoPlist.strings */,
			);
			name = "Supporting Files";
			sourceTree = "<group>";
		};
		835C2F37199AAFCB0012D2A7 /* Data */ = {
			isa = PBXGroup;
			children = (
				835C2F38199AAFE70012D2A7 /* CBRibot.h */,
				835C2F39199AAFE70012D2A7 /* CBRibot.m */,
				835C2F3E199AB7370012D2A7 /* CBData.h */,
				835C2F3F199AB7370012D2A7 /* CBData.m */,
			);
			name = Data;
			sourceTree = "<group>";
		};
		835C2F44199AC3360012D2A7 /* Helpers */ = {
			isa = PBXGroup;
			children = (
				835C2FA4199D56A60012D2A7 /* CBRoundedImageHelper.h */,
				835C2FA5199D56A60012D2A7 /* CBRoundedImageHelper.m */,
				835C2F45199AC3490012D2A7 /* NSArray+Ribot.h */,
				835C2F46199AC3490012D2A7 /* NSArray+Ribot.m */,
			);
			name = Helpers;
			sourceTree = "<group>";
		};
		835C2F48199AD47E0012D2A7 /* Wheel */ = {
			isa = PBXGroup;
			children = (
			);
			name = Wheel;
			sourceTree = "<group>";
		};
		83E2EE7D199D674500DA3F01 /* SpriteKit */ = {
			isa = PBXGroup;
			children = (
				83E2EE81199D67A900DA3F01 /* Particles */,
				83E2EE7E199D677D00DA3F01 /* CBGameScene.h */,
				83E2EE7F199D677D00DA3F01 /* CBGameScene.m */,
			);
			name = SpriteKit;
			sourceTree = "<group>";
		};
		83E2EE81199D67A900DA3F01 /* Particles */ = {
			isa = PBXGroup;
			children = (
				83E2EE82199D67A900DA3F01 /* RibotMiss.sks */,
				83E2EE83199D67A900DA3F01 /* spark.png */,
			);
			name = Particles;
			path = SpriteKit/Particles;
			sourceTree = "<group>";
		};
		83E2EE87199D68FC00DA3F01 /* ViewControllers */ = {
			isa = PBXGroup;
			children = (
				83E2EEA0199D777F00DA3F01 /* Game */,
				83E2EE8A199D692200DA3F01 /* MemberDetail */,
				83E2EE89199D690E00DA3F01 /* TeamMembers */,
				83E2EE88199D690600DA3F01 /* Home */,
			);
			name = ViewControllers;
			sourceTree = "<group>";
		};
		83E2EE88199D690600DA3F01 /* Home */ = {
			isa = PBXGroup;
			children = (
				83E2EEA7199D81FA00DA3F01 /* Controller */,
			);
			name = Home;
			sourceTree = "<group>";
		};
		83E2EE89199D690E00DA3F01 /* TeamMembers */ = {
			isa = PBXGroup;
			children = (
				83E2EEA8199D820400DA3F01 /* Cell */,
				83E2EEA4199D784800DA3F01 /* CBTeamMembersViewController.h */,
				83E2EEA5199D784800DA3F01 /* CBTeamMembersViewController.m */,
			);
			name = TeamMembers;
			sourceTree = "<group>";
		};
		83E2EE8A199D692200DA3F01 /* MemberDetail */ = {
			isa = PBXGroup;
			children = (
				83E2EE8B199D695100DA3F01 /* CBMemberDetailViewController.h */,
				83E2EE8C199D695100DA3F01 /* CBMemberDetailViewController.m */,
			);
			name = MemberDetail;
			sourceTree = "<group>";
		};
		83E2EEA0199D777F00DA3F01 /* Game */ = {
			isa = PBXGroup;
			children = (
				83E2EEA1199D77A000DA3F01 /* CBGameViewController.h */,
				83E2EEA2199D77A000DA3F01 /* CBGameViewController.m */,
			);
			name = Game;
			sourceTree = "<group>";
		};
		83E2EEA7199D81FA00DA3F01 /* Controller */ = {
			isa = PBXGroup;
			children = (
				83E2EE91199D698B00DA3F01 /* CBHomeViewController.h */,
				83E2EE92199D698B00DA3F01 /* CBHomeViewController.m */,
			);
			name = Controller;
			sourceTree = "<group>";
		};
		83E2EEA8199D820400DA3F01 /* Cell */ = {
			isa = PBXGroup;
			children = (
				83E2EEAC199D831000DA3F01 /* CBRibotCell.h */,
				83E2EEAD199D831000DA3F01 /* CBRibotCell.m */,
			);
			name = Cell;
			sourceTree = "<group>";
		};
		83E2EEB2199E11DB00DA3F01 /* Sounds */ = {
			isa = PBXGroup;
			children = (
				83E2EEB3199E11E200DA3F01 /* laser.caf */,
			);
			name = Sounds;
			sourceTree = "<group>";
		};
/* End PBXGroup section */

/* Begin PBXNativeTarget section */
		835C2EFE199A9B950012D2A7 /* RibotMissionPossible */ = {
			isa = PBXNativeTarget;
			buildConfigurationList = 835C2F31199A9B950012D2A7 /* Build configuration list for PBXNativeTarget "RibotMissionPossible" */;
			buildPhases = (
				835C2EFB199A9B950012D2A7 /* Sources */,
				835C2EFC199A9B950012D2A7 /* Frameworks */,
				835C2EFD199A9B950012D2A7 /* Resources */,
			);
			buildRules = (
			);
			dependencies = (
			);
			name = RibotMissionPossible;
			productName = RibotMissionPossible;
			productReference = 835C2EFF199A9B950012D2A7 /* RibotMissionPossible.app */;
			productType = "com.apple.product-type.application";
		};
		835C2F1F199A9B950012D2A7 /* RibotMissionPossibleTests */ = {
			isa = PBXNativeTarget;
			buildConfigurationList = 835C2F34199A9B950012D2A7 /* Build configuration list for PBXNativeTarget "RibotMissionPossibleTests" */;
			buildPhases = (
				835C2F1C199A9B950012D2A7 /* Sources */,
				835C2F1D199A9B950012D2A7 /* Frameworks */,
				835C2F1E199A9B950012D2A7 /* Resources */,
			);
			buildRules = (
			);
			dependencies = (
				835C2F26199A9B950012D2A7 /* PBXTargetDependency */,
			);
			name = RibotMissionPossibleTests;
			productName = RibotMissionPossibleTests;
			productReference = 835C2F20199A9B950012D2A7 /* RibotMissionPossibleTests.xctest */;
			productType = "com.apple.product-type.bundle.unit-test";
		};
/* End PBXNativeTarget section */

/* Begin PBXProject section */
		835C2EF7199A9B950012D2A7 /* Project object */ = {
			isa = PBXProject;
			attributes = {
				CLASSPREFIX = CB;
				LastUpgradeCheck = 0510;
				ORGANIZATIONNAME = "Chris Birch";
				TargetAttributes = {
					835C2F1F199A9B950012D2A7 = {
						TestTargetID = 835C2EFE199A9B950012D2A7;
					};
				};
			};
			buildConfigurationList = 835C2EFA199A9B950012D2A7 /* Build configuration list for PBXProject "RibotMissionPossible" */;
			compatibilityVersion = "Xcode 3.2";
			developmentRegion = English;
			hasScannedForEncodings = 0;
			knownRegions = (
				en,
				Base,
			);
			mainGroup = 835C2EF6199A9B950012D2A7;
			productRefGroup = 835C2F00199A9B950012D2A7 /* Products */;
			projectDirPath = "";
			projectRoot = "";
			targets = (
				835C2EFE199A9B950012D2A7 /* RibotMissionPossible */,
				835C2F1F199A9B950012D2A7 /* RibotMissionPossibleTests */,
			);
		};
/* End PBXProject section */

/* Begin PBXResourcesBuildPhase section */
		835C2EFD199A9B950012D2A7 /* Resources */ = {
			isa = PBXResourcesBuildPhase;
			buildActionMask = 2147483647;
			files = (
				83E2EE84199D67A900DA3F01 /* RibotMiss.sks in Resources */,
				83E2EE85199D67A900DA3F01 /* spark.png in Resources */,
				835C2F1B199A9B950012D2A7 /* Images.xcassets in Resources */,
				83E2EEB1199D90D500DA3F01 /* Localizable.strings in Resources */,
				835C2F0D199A9B950012D2A7 /* InfoPlist.strings in Resources */,
				835C2F16199A9B950012D2A7 /* Main.storyboard in Resources */,
				835C2F50199AD71A0012D2A7 /* jerome.jpg in Resources */,
			);
			runOnlyForDeploymentPostprocessing = 0;
		};
		835C2F1E199A9B950012D2A7 /* Resources */ = {
			isa = PBXResourcesBuildPhase;
			buildActionMask = 2147483647;
			files = (
				835C2F2C199A9B950012D2A7 /* InfoPlist.strings in Resources */,
			);
			runOnlyForDeploymentPostprocessing = 0;
		};
/* End PBXResourcesBuildPhase section */

/* Begin PBXSourcesBuildPhase section */
		835C2EFB199A9B950012D2A7 /* Sources */ = {
			isa = PBXSourcesBuildPhase;
			buildActionMask = 2147483647;
			files = (
				83E2EEAE199D831000DA3F01 /* CBRibotCell.m in Sources */,
				83E2EE80199D677D00DA3F01 /* CBGameScene.m in Sources */,
				835C2F0F199A9B950012D2A7 /* main.m in Sources */,
				83E2EEA6199D784800DA3F01 /* CBTeamMembersViewController.m in Sources */,
				835C2F3A199AAFE70012D2A7 /* CBRibot.m in Sources */,
				83E2EEA3199D77A000DA3F01 /* CBGameViewController.m in Sources */,
				835C2FA6199D56A60012D2A7 /* CBRoundedImageHelper.m in Sources */,
				835C2F47199AC3490012D2A7 /* NSArray+Ribot.m in Sources */,
				835C2F13199A9B950012D2A7 /* CBAppDelegate.m in Sources */,
				83E2EE8D199D695100DA3F01 /* CBMemberDetailViewController.m in Sources */,
				835C2F40199AB7370012D2A7 /* CBData.m in Sources */,
				83E2EE93199D698B00DA3F01 /* CBHomeViewController.m in Sources */,
			);
			runOnlyForDeploymentPostprocessing = 0;
		};
		835C2F1C199A9B950012D2A7 /* Sources */ = {
			isa = PBXSourcesBuildPhase;
			buildActionMask = 2147483647;
			files = (
				835C2F2E199A9B950012D2A7 /* RibotMissionPossibleTests.m in Sources */,
			);
			runOnlyForDeploymentPostprocessing = 0;
		};
/* End PBXSourcesBuildPhase section */

/* Begin PBXTargetDependency section */
		835C2F26199A9B950012D2A7 /* PBXTargetDependency */ = {
			isa = PBXTargetDependency;
			target = 835C2EFE199A9B950012D2A7 /* RibotMissionPossible */;
			targetProxy = 835C2F25199A9B950012D2A7 /* PBXContainerItemProxy */;
		};
/* End PBXTargetDependency section */

/* Begin PBXVariantGroup section */
		835C2F0B199A9B950012D2A7 /* InfoPlist.strings */ = {
			isa = PBXVariantGroup;
			children = (
				835C2F0C199A9B950012D2A7 /* en */,
			);
			name = InfoPlist.strings;
			sourceTree = "<group>";
		};
		835C2F14199A9B950012D2A7 /* Main.storyboard */ = {
			isa = PBXVariantGroup;
			children = (
				835C2F15199A9B950012D2A7 /* Base */,
			);
			name = Main.storyboard;
			sourceTree = "<group>";
		};
		835C2F2A199A9B950012D2A7 /* InfoPlist.strings */ = {
			isa = PBXVariantGroup;
			children = (
				835C2F2B199A9B950012D2A7 /* en */,
			);
			name = InfoPlist.strings;
			sourceTree = "<group>";
		};
		83E2EEAF199D90D500DA3F01 /* Localizable.strings */ = {
			isa = PBXVariantGroup;
			children = (
				83E2EEB0199D90D500DA3F01 /* Base */,
			);
			name = Localizable.strings;
			sourceTree = "<group>";
		};
/* End PBXVariantGroup section */

/* Begin XCBuildConfiguration section */
		835C2F2F199A9B950012D2A7 /* Debug */ = {
			isa = XCBuildConfiguration;
			buildSettings = {
				ALWAYS_SEARCH_USER_PATHS = NO;
				CLANG_CXX_LANGUAGE_STANDARD = "gnu++0x";
				CLANG_CXX_LIBRARY = "libc++";
				CLANG_ENABLE_MODULES = YES;
				CLANG_ENABLE_OBJC_ARC = YES;
				CLANG_WARN_BOOL_CONVERSION = YES;
				CLANG_WARN_CONSTANT_CONVERSION = YES;
				CLANG_WARN_DIRECT_OBJC_ISA_USAGE = YES_ERROR;
				CLANG_WARN_EMPTY_BODY = YES;
				CLANG_WARN_ENUM_CONVERSION = YES;
				CLANG_WARN_INT_CONVERSION = YES;
				CLANG_WARN_OBJC_ROOT_CLASS = YES_ERROR;
				CLANG_WARN__DUPLICATE_METHOD_MATCH = YES;
				"CODE_SIGN_IDENTITY[sdk=iphoneos*]" = "iPhone Developer";
				COPY_PHASE_STRIP = NO;
				GCC_C_LANGUAGE_STANDARD = gnu99;
				GCC_DYNAMIC_NO_PIC = NO;
				GCC_OPTIMIZATION_LEVEL = 0;
				GCC_PREPROCESSOR_DEFINITIONS = (
					"DEBUG=1",
					"$(inherited)",
				);
				GCC_SYMBOLS_PRIVATE_EXTERN = NO;
				GCC_WARN_64_TO_32_BIT_CONVERSION = YES;
				GCC_WARN_ABOUT_RETURN_TYPE = YES_ERROR;
				GCC_WARN_UNDECLARED_SELECTOR = YES;
				GCC_WARN_UNINITIALIZED_AUTOS = YES_AGGRESSIVE;
				GCC_WARN_UNUSED_FUNCTION = YES;
				GCC_WARN_UNUSED_VARIABLE = YES;
				IPHONEOS_DEPLOYMENT_TARGET = 7.1;
				ONLY_ACTIVE_ARCH = YES;
				SDKROOT = iphoneos;
			};
			name = Debug;
		};
		835C2F30199A9B950012D2A7 /* Release */ = {
			isa = XCBuildConfiguration;
			buildSettings = {
				ALWAYS_SEARCH_USER_PATHS = NO;
				CLANG_CXX_LANGUAGE_STANDARD = "gnu++0x";
				CLANG_CXX_LIBRARY = "libc++";
				CLANG_ENABLE_MODULES = YES;
				CLANG_ENABLE_OBJC_ARC = YES;
				CLANG_WARN_BOOL_CONVERSION = YES;
				CLANG_WARN_CONSTANT_CONVERSION = YES;
				CLANG_WARN_DIRECT_OBJC_ISA_USAGE = YES_ERROR;
				CLANG_WARN_EMPTY_BODY = YES;
				CLANG_WARN_ENUM_CONVERSION = YES;
				CLANG_WARN_INT_CONVERSION = YES;
				CLANG_WARN_OBJC_ROOT_CLASS = YES_ERROR;
				CLANG_WARN__DUPLICATE_METHOD_MATCH = YES;
				"CODE_SIGN_IDENTITY[sdk=iphoneos*]" = "iPhone Developer";
				COPY_PHASE_STRIP = YES;
				ENABLE_NS_ASSERTIONS = NO;
				GCC_C_LANGUAGE_STANDARD = gnu99;
				GCC_WARN_64_TO_32_BIT_CONVERSION = YES;
				GCC_WARN_ABOUT_RETURN_TYPE = YES_ERROR;
				GCC_WARN_UNDECLARED_SELECTOR = YES;
				GCC_WARN_UNINITIALIZED_AUTOS = YES_AGGRESSIVE;
				GCC_WARN_UNUSED_FUNCTION = YES;
				GCC_WARN_UNUSED_VARIABLE = YES;
				IPHONEOS_DEPLOYMENT_TARGET = 7.1;
				SDKROOT = iphoneos;
				VALIDATE_PRODUCT = YES;
			};
			name = Release;
		};
		835C2F32199A9B950012D2A7 /* Debug */ = {
			isa = XCBuildConfiguration;
			buildSettings = {
				ASSETCATALOG_COMPILER_APPICON_NAME = AppIcon;
				ASSETCATALOG_COMPILER_LAUNCHIMAGE_NAME = LaunchImage;
				GCC_PRECOMPILE_PREFIX_HEADER = YES;
				GCC_PREFIX_HEADER = "RibotMissionPossible/RibotMissionPossible-Prefix.pch";
				INFOPLIST_FILE = "RibotMissionPossible/RibotMissionPossible-Info.plist";
				PRODUCT_NAME = "$(TARGET_NAME)";
				WRAPPER_EXTENSION = app;
			};
			name = Debug;
		};
		835C2F33199A9B950012D2A7 /* Release */ = {
			isa = XCBuildConfiguration;
			buildSettings = {
				ASSETCATALOG_COMPILER_APPICON_NAME = AppIcon;
				ASSETCATALOG_COMPILER_LAUNCHIMAGE_NAME = LaunchImage;
				GCC_PRECOMPILE_PREFIX_HEADER = YES;
				GCC_PREFIX_HEADER = "RibotMissionPossible/RibotMissionPossible-Prefix.pch";
				INFOPLIST_FILE = "RibotMissionPossible/RibotMissionPossible-Info.plist";
				PRODUCT_NAME = "$(TARGET_NAME)";
				WRAPPER_EXTENSION = app;
			};
			name = Release;
		};
		835C2F35199A9B950012D2A7 /* Debug */ = {
			isa = XCBuildConfiguration;
			buildSettings = {
				BUNDLE_LOADER = "$(BUILT_PRODUCTS_DIR)/RibotMissionPossible.app/RibotMissionPossible";
				FRAMEWORK_SEARCH_PATHS = (
					"$(SDKROOT)/Developer/Library/Frameworks",
					"$(inherited)",
					"$(DEVELOPER_FRAMEWORKS_DIR)",
				);
				GCC_PRECOMPILE_PREFIX_HEADER = YES;
				GCC_PREFIX_HEADER = "RibotMissionPossible/RibotMissionPossible-Prefix.pch";
				GCC_PREPROCESSOR_DEFINITIONS = (
					"DEBUG=1",
					"$(inherited)",
				);
				INFOPLIST_FILE = "RibotMissionPossibleTests/RibotMissionPossibleTests-Info.plist";
				PRODUCT_NAME = "$(TARGET_NAME)";
				TEST_HOST = "$(BUNDLE_LOADER)";
				WRAPPER_EXTENSION = xctest;
			};
			name = Debug;
		};
		835C2F36199A9B950012D2A7 /* Release */ = {
			isa = XCBuildConfiguration;
			buildSettings = {
				BUNDLE_LOADER = "$(BUILT_PRODUCTS_DIR)/RibotMissionPossible.app/RibotMissionPossible";
				FRAMEWORK_SEARCH_PATHS = (
					"$(SDKROOT)/Developer/Library/Frameworks",
					"$(inherited)",
					"$(DEVELOPER_FRAMEWORKS_DIR)",
				);
				GCC_PRECOMPILE_PREFIX_HEADER = YES;
				GCC_PREFIX_HEADER = "RibotMissionPossible/RibotMissionPossible-Prefix.pch";
				INFOPLIST_FILE = "RibotMissionPossibleTests/RibotMissionPossibleTests-Info.plist";
				PRODUCT_NAME = "$(TARGET_NAME)";
				TEST_HOST = "$(BUNDLE_LOADER)";
				WRAPPER_EXTENSION = xctest;
			};
			name = Release;
		};
/* End XCBuildConfiguration section */

/* Begin XCConfigurationList section */
		835C2EFA199A9B950012D2A7 /* Build configuration list for PBXProject "RibotMissionPossible" */ = {
			isa = XCConfigurationList;
			buildConfigurations = (
				835C2F2F199A9B950012D2A7 /* Debug */,
				835C2F30199A9B950012D2A7 /* Release */,
			);
			defaultConfigurationIsVisible = 0;
			defaultConfigurationName = Release;
		};
		835C2F31199A9B950012D2A7 /* Build configuration list for PBXNativeTarget "RibotMissionPossible" */ = {
			isa = XCConfigurationList;
			buildConfigurations = (
				835C2F32199A9B950012D2A7 /* Debug */,
				835C2F33199A9B950012D2A7 /* Release */,
			);
			defaultConfigurationIsVisible = 0;
			defaultConfigurationName = Release;
		};
		835C2F34199A9B950012D2A7 /* Build configuration list for PBXNativeTarget "RibotMissionPossibleTests" */ = {
			isa = XCConfigurationList;
			buildConfigurations = (
				835C2F35199A9B950012D2A7 /* Debug */,
				835C2F36199A9B950012D2A7 /* Release */,
			);
			defaultConfigurationIsVisible = 0;
			defaultConfigurationName = Release;
		};
/* End XCConfigurationList section */
	};
	rootObject = 835C2EF7199A9B950012D2A7 /* Project object */;
}
